
Microsoft Visual Studio Solution File, Format Version 12.00
# Visual Studio Version 16
VisualStudioVersion = 16.0.31321.278
MinimumVisualStudioVersion = 10.0.40219.1
Project("{FAE04EC0-301F-11D3-BF4B-00C04F79EFBC}") = "BugTrackerApi", "BugTrackerApi\BugTrackerApi.csproj", "{AC347432-E52E-4F59-968A-FD825BE65506}"
EndProject
Global
	GlobalSection(SolutionConfigurationPlatforms) = preSolution
		Debug|Any CPU = Debug|Any CPU
		Release|Any CPU = Release|Any CPU
	EndGlobalSection
	GlobalSection(ProjectConfigurationPlatforms) = postSolution
		{AC347432-E52E-4F59-968A-FD825BE65506}.Debug|Any CPU.ActiveCfg = Debug|Any CPU
		{AC347432-E52E-4F59-968A-FD825BE65506}.Debug|Any CPU.Build.0 = Debug|Any CPU
		{AC347432-E52E-4F59-968A-FD825BE65506}.Release|Any CPU.ActiveCfg = Release|Any CPU
		{AC347432-E52E-4F59-968A-FD825BE65506}.Release|Any CPU.Build.0 = Release|Any CPU
	EndGlobalSection
	GlobalSection(SolutionProperties) = preSolution
		HideSolutionNode = FALSE
	EndGlobalSection
	GlobalSection(ExtensibilityGlobals) = postSolution
		SolutionGuid = {F59AF1D5-A549-4CFB-8372-4398AC1554DF}
	EndGlobalSection
EndGlobal
